
Microsoft Visual Studio Solution File, Format Version 12.00
# Visual Studio 15
VisualStudioVersion = 15.0.28307.106
MinimumVisualStudioVersion = 10.0.40219.1
Project("{9A19103F-16F7-4668-BE54-9A1E7A4F7556}") = "NvdaTestingDriver", "NvdaTestingDriver\NvdaTestingDriver.csproj", "{9809FD14-F622-453D-ACD4-C250E27515AF}"
EndProject
Project("{9A19103F-16F7-4668-BE54-9A1E7A4F7556}") = "NvdaTestingDriver.Console", "NvdaTestingDriver.Console\NvdaTestingDriver.Console.csproj", "{2FCFF9BD-7EB3-4830-A6A7-3871068663EA}"
EndProject
Project("{9A19103F-16F7-4668-BE54-9A1E7A4F7556}") = "AccessibleDemo.Core.Tests", "AccessibleDemo.Core.Tests\AccessibleDemo.Core.Tests.csproj", "{47C1CBBD-F42D-498C-877A-F6879C522544}"
EndProject
Project("{9A19103F-16F7-4668-BE54-9A1E7A4F7556}") = "AccessibleDemo", "AccessibleDemo\AccessibleDemo.csproj", "{AAEA6E96-5C7F-4208-A138-03F49789BFEC}"
EndProject
Project("{9A19103F-16F7-4668-BE54-9A1E7A4F7556}") = "NvdaTestingDriver.MSTest", "NvdaTestingDriver.MSTest\NvdaTestingDriver.MSTest.csproj", "{9E690016-218B-4A66-893B-57752E339F12}"
EndProject
Project("{9A19103F-16F7-4668-BE54-9A1E7A4F7556}") = "NvdaTestingDriver.Selenium", "NvdaTestingDriver.Selenium\NvdaTestingDriver.Selenium.csproj", "{128DAB2E-564B-471F-BA37-83D797EE78D6}"
EndProject
Project("{2150E333-8FDC-42A3-9474-1A3956D46DE8}") = "Ruleset", "Ruleset", "{C0F755EE-D6C4-4396-82E1-BCAABAD9974E}"
	ProjectSection(SolutionItems) = preProject
		ca.ruleset = ca.ruleset
	EndProjectSection
EndProject
Project("{2150E333-8FDC-42A3-9474-1A3956D46DE8}") = "Exsamples", "Exsamples", "{B26CD5B4-DA90-47C2-9EA2-C93A27F93877}"
EndProject
Project("{9A19103F-16F7-4668-BE54-9A1E7A4F7556}") = "RemoteWebsites.Tests", "RemoteWebsites.Tests\RemoteWebsites.Tests.csproj", "{A5CF396A-C7E6-4763-918E-0BB1AC70F1E0}"
EndProject
Global
	GlobalSection(SolutionConfigurationPlatforms) = preSolution
		Debug|Any CPU = Debug|Any CPU
		Release|Any CPU = Release|Any CPU
	EndGlobalSection
	GlobalSection(ProjectConfigurationPlatforms) = postSolution
		{9809FD14-F622-453D-ACD4-C250E27515AF}.Debug|Any CPU.ActiveCfg = Debug|Any CPU
		{9809FD14-F622-453D-ACD4-C250E27515AF}.Debug|Any CPU.Build.0 = Debug|Any CPU
		{9809FD14-F622-453D-ACD4-C250E27515AF}.Release|Any CPU.ActiveCfg = Release|Any CPU
		{9809FD14-F622-453D-ACD4-C250E27515AF}.Release|Any CPU.Build.0 = Release|Any CPU
		{2FCFF9BD-7EB3-4830-A6A7-3871068663EA}.Debug|Any CPU.ActiveCfg = Debug|Any CPU
		{2FCFF9BD-7EB3-4830-A6A7-3871068663EA}.Debug|Any CPU.Build.0 = Debug|Any CPU
		{2FCFF9BD-7EB3-4830-A6A7-3871068663EA}.Release|Any CPU.ActiveCfg = Release|Any CPU
		{2FCFF9BD-7EB3-4830-A6A7-3871068663EA}.Release|Any CPU.Build.0 = Release|Any CPU
		{47C1CBBD-F42D-498C-877A-F6879C522544}.Debug|Any CPU.ActiveCfg = Debug|Any CPU
		{47C1CBBD-F42D-498C-877A-F6879C522544}.Debug|Any CPU.Build.0 = Debug|Any CPU
		{47C1CBBD-F42D-498C-877A-F6879C522544}.Release|Any CPU.ActiveCfg = Release|Any CPU
		{47C1CBBD-F42D-498C-877A-F6879C522544}.Release|Any CPU.Build.0 = Release|Any CPU
		{AAEA6E96-5C7F-4208-A138-03F49789BFEC}.Debug|Any CPU.ActiveCfg = Debug|Any CPU
		{AAEA6E96-5C7F-4208-A138-03F49789BFEC}.Debug|Any CPU.Build.0 = Debug|Any CPU
		{AAEA6E96-5C7F-4208-A138-03F49789BFEC}.Release|Any CPU.ActiveCfg = Release|Any CPU
		{AAEA6E96-5C7F-4208-A138-03F49789BFEC}.Release|Any CPU.Build.0 = Release|Any CPU
		{9E690016-218B-4A66-893B-57752E339F12}.Debug|Any CPU.ActiveCfg = Debug|Any CPU
		{9E690016-218B-4A66-893B-57752E339F12}.Debug|Any CPU.Build.0 = Debug|Any CPU
		{9E690016-218B-4A66-893B-57752E339F12}.Release|Any CPU.ActiveCfg = Release|Any CPU
		{9E690016-218B-4A66-893B-57752E339F12}.Release|Any CPU.Build.0 = Release|Any CPU
		{128DAB2E-564B-471F-BA37-83D797EE78D6}.Debug|Any CPU.ActiveCfg = Debug|Any CPU
		{128DAB2E-564B-471F-BA37-83D797EE78D6}.Debug|Any CPU.Build.0 = Debug|Any CPU
		{128DAB2E-564B-471F-BA37-83D797EE78D6}.Release|Any CPU.ActiveCfg = Release|Any CPU
		{128DAB2E-564B-471F-BA37-83D797EE78D6}.Release|Any CPU.Build.0 = Release|Any CPU
		{A5CF396A-C7E6-4763-918E-0BB1AC70F1E0}.Debug|Any CPU.ActiveCfg = Debug|Any CPU
		{A5CF396A-C7E6-4763-918E-0BB1AC70F1E0}.Debug|Any CPU.Build.0 = Debug|Any CPU
		{A5CF396A-C7E6-4763-918E-0BB1AC70F1E0}.Release|Any CPU.ActiveCfg = Release|Any CPU
		{A5CF396A-C7E6-4763-918E-0BB1AC70F1E0}.Release|Any CPU.Build.0 = Release|Any CPU
	EndGlobalSection
	GlobalSection(SolutionProperties) = preSolution
		HideSolutionNode = FALSE
	EndGlobalSection
	GlobalSection(NestedProjects) = preSolution
		{2FCFF9BD-7EB3-4830-A6A7-3871068663EA} = {B26CD5B4-DA90-47C2-9EA2-C93A27F93877}
		{47C1CBBD-F42D-498C-877A-F6879C522544} = {B26CD5B4-DA90-47C2-9EA2-C93A27F93877}
		{AAEA6E96-5C7F-4208-A138-03F49789BFEC} = {B26CD5B4-DA90-47C2-9EA2-C93A27F93877}
		{A5CF396A-C7E6-4763-918E-0BB1AC70F1E0} = {B26CD5B4-DA90-47C2-9EA2-C93A27F93877}
	EndGlobalSection
	GlobalSection(ExtensibilityGlobals) = postSolution
		SolutionGuid = {9F0507A7-C1DB-41EF-8103-108BECFB6232}
	EndGlobalSection
EndGlobal
