
Microsoft Visual Studio Solution File, Format Version 12.00
# Visual Studio Version 16
VisualStudioVersion = 16.0.29319.158
MinimumVisualStudioVersion = 10.0.40219.1
Project("{9A19103F-16F7-4668-BE54-9A1E7A4F7556}") = "NvdaTestingDriver", "NvdaTestingDriver\NvdaTestingDriver.csproj", "{9809FD14-F622-453D-ACD4-C250E27515AF}"
EndProject
Project("{9A19103F-16F7-4668-BE54-9A1E7A4F7556}") = "NvdaTestingDriver.MSTest", "NvdaTestingDriver.MSTest\NvdaTestingDriver.MSTest.csproj", "{9E690016-218B-4A66-893B-57752E339F12}"
EndProject
Project("{9A19103F-16F7-4668-BE54-9A1E7A4F7556}") = "NvdaTestingDriver.Selenium", "NvdaTestingDriver.Selenium\NvdaTestingDriver.Selenium.csproj", "{128DAB2E-564B-471F-BA37-83D797EE78D6}"
EndProject
Project("{2150E333-8FDC-42A3-9474-1A3956D46DE8}") = "Ruleset", "Ruleset", "{C0F755EE-D6C4-4396-82E1-BCAABAD9974E}"
	ProjectSection(SolutionItems) = preProject
		ca.ruleset = ca.ruleset
	EndProjectSection
EndProject
Project("{2150E333-8FDC-42A3-9474-1A3956D46DE8}") = "samples", "samples", "{B26CD5B4-DA90-47C2-9EA2-C93A27F93877}"
EndProject
Project("{9A19103F-16F7-4668-BE54-9A1E7A4F7556}") = "RemoteWebsites.Tests", "samples\RemoteWebsites.Tests\RemoteWebsites.Tests.csproj", "{A5CF396A-C7E6-4763-918E-0BB1AC70F1E0}"
EndProject
Project("{2150E333-8FDC-42A3-9474-1A3956D46DE8}") = "tests", "tests", "{9B827F70-9151-4636-881E-560C0833E414}"
EndProject
Project("{9A19103F-16F7-4668-BE54-9A1E7A4F7556}") = "AccessibleDemo", "samples\AccessibleDemo\AccessibleDemo.csproj", "{FE6E41C5-A863-45A4-8E5E-95A88A1352B9}"
EndProject
Project("{9A19103F-16F7-4668-BE54-9A1E7A4F7556}") = "AccessibleDemo.Core.Tests", "samples\AccessibleDemo.Core.Tests\AccessibleDemo.Core.Tests.csproj", "{3F04ED44-AB62-4707-AB03-BB5C936196D6}"
EndProject
Project("{9A19103F-16F7-4668-BE54-9A1E7A4F7556}") = "NvdaTestingDriver.ConsoleTests", "NvdaTestingDriver.ConsoleTests\NvdaTestingDriver.ConsoleTests.csproj", "{A11D2D33-D3EC-44AD-A6D9-F2237D00C442}"
EndProject
Project("{2150E333-8FDC-42A3-9474-1A3956D46DE8}") = "Solution Items", "Solution Items", "{F430EEEA-49A5-422D-BA9E-556D1EF12E30}"
	ProjectSection(SolutionItems) = preProject
		.editorconfig = .editorconfig
	EndProjectSection
EndProject
Project("{FAE04EC0-301F-11D3-BF4B-00C04F79EFBC}") = "NvdaTestingDriver.MSTest.FX461", "tests\NvdaTestingDriver.MSTest.FX461\NvdaTestingDriver.MSTest.FX461.csproj", "{EF22CD3D-83C8-4FF4-8338-CB70B0079AA8}"
EndProject
Global
	GlobalSection(SolutionConfigurationPlatforms) = preSolution
		Debug|Any CPU = Debug|Any CPU
		Release|Any CPU = Release|Any CPU
	EndGlobalSection
	GlobalSection(ProjectConfigurationPlatforms) = postSolution
		{9809FD14-F622-453D-ACD4-C250E27515AF}.Debug|Any CPU.ActiveCfg = Debug|Any CPU
		{9809FD14-F622-453D-ACD4-C250E27515AF}.Debug|Any CPU.Build.0 = Debug|Any CPU
		{9809FD14-F622-453D-ACD4-C250E27515AF}.Release|Any CPU.ActiveCfg = Release|Any CPU
		{9809FD14-F622-453D-ACD4-C250E27515AF}.Release|Any CPU.Build.0 = Release|Any CPU
		{9E690016-218B-4A66-893B-57752E339F12}.Debug|Any CPU.ActiveCfg = Debug|Any CPU
		{9E690016-218B-4A66-893B-57752E339F12}.Debug|Any CPU.Build.0 = Debug|Any CPU
		{9E690016-218B-4A66-893B-57752E339F12}.Release|Any CPU.ActiveCfg = Release|Any CPU
		{9E690016-218B-4A66-893B-57752E339F12}.Release|Any CPU.Build.0 = Release|Any CPU
		{128DAB2E-564B-471F-BA37-83D797EE78D6}.Debug|Any CPU.ActiveCfg = Debug|Any CPU
		{128DAB2E-564B-471F-BA37-83D797EE78D6}.Debug|Any CPU.Build.0 = Debug|Any CPU
		{128DAB2E-564B-471F-BA37-83D797EE78D6}.Release|Any CPU.ActiveCfg = Release|Any CPU
		{128DAB2E-564B-471F-BA37-83D797EE78D6}.Release|Any CPU.Build.0 = Release|Any CPU
		{A5CF396A-C7E6-4763-918E-0BB1AC70F1E0}.Debug|Any CPU.ActiveCfg = Debug|Any CPU
		{A5CF396A-C7E6-4763-918E-0BB1AC70F1E0}.Debug|Any CPU.Build.0 = Debug|Any CPU
		{A5CF396A-C7E6-4763-918E-0BB1AC70F1E0}.Release|Any CPU.ActiveCfg = Release|Any CPU
		{A5CF396A-C7E6-4763-918E-0BB1AC70F1E0}.Release|Any CPU.Build.0 = Release|Any CPU
		{FE6E41C5-A863-45A4-8E5E-95A88A1352B9}.Debug|Any CPU.ActiveCfg = Debug|Any CPU
		{FE6E41C5-A863-45A4-8E5E-95A88A1352B9}.Debug|Any CPU.Build.0 = Debug|Any CPU
		{FE6E41C5-A863-45A4-8E5E-95A88A1352B9}.Release|Any CPU.ActiveCfg = Release|Any CPU
		{FE6E41C5-A863-45A4-8E5E-95A88A1352B9}.Release|Any CPU.Build.0 = Release|Any CPU
		{3F04ED44-AB62-4707-AB03-BB5C936196D6}.Debug|Any CPU.ActiveCfg = Debug|Any CPU
		{3F04ED44-AB62-4707-AB03-BB5C936196D6}.Debug|Any CPU.Build.0 = Debug|Any CPU
		{3F04ED44-AB62-4707-AB03-BB5C936196D6}.Release|Any CPU.ActiveCfg = Release|Any CPU
		{3F04ED44-AB62-4707-AB03-BB5C936196D6}.Release|Any CPU.Build.0 = Release|Any CPU
		{A11D2D33-D3EC-44AD-A6D9-F2237D00C442}.Debug|Any CPU.ActiveCfg = Debug|Any CPU
		{A11D2D33-D3EC-44AD-A6D9-F2237D00C442}.Debug|Any CPU.Build.0 = Debug|Any CPU
		{A11D2D33-D3EC-44AD-A6D9-F2237D00C442}.Release|Any CPU.ActiveCfg = Release|Any CPU
		{A11D2D33-D3EC-44AD-A6D9-F2237D00C442}.Release|Any CPU.Build.0 = Release|Any CPU
		{EF22CD3D-83C8-4FF4-8338-CB70B0079AA8}.Debug|Any CPU.ActiveCfg = Debug|Any CPU
		{EF22CD3D-83C8-4FF4-8338-CB70B0079AA8}.Debug|Any CPU.Build.0 = Debug|Any CPU
		{EF22CD3D-83C8-4FF4-8338-CB70B0079AA8}.Release|Any CPU.ActiveCfg = Release|Any CPU
		{EF22CD3D-83C8-4FF4-8338-CB70B0079AA8}.Release|Any CPU.Build.0 = Release|Any CPU
	EndGlobalSection
	GlobalSection(SolutionProperties) = preSolution
		HideSolutionNode = FALSE
	EndGlobalSection
	GlobalSection(NestedProjects) = preSolution
		{A5CF396A-C7E6-4763-918E-0BB1AC70F1E0} = {B26CD5B4-DA90-47C2-9EA2-C93A27F93877}
		{FE6E41C5-A863-45A4-8E5E-95A88A1352B9} = {B26CD5B4-DA90-47C2-9EA2-C93A27F93877}
		{3F04ED44-AB62-4707-AB03-BB5C936196D6} = {B26CD5B4-DA90-47C2-9EA2-C93A27F93877}
		{A11D2D33-D3EC-44AD-A6D9-F2237D00C442} = {9B827F70-9151-4636-881E-560C0833E414}
		{EF22CD3D-83C8-4FF4-8338-CB70B0079AA8} = {9B827F70-9151-4636-881E-560C0833E414}
	EndGlobalSection
	GlobalSection(ExtensibilityGlobals) = postSolution
		SolutionGuid = {9F0507A7-C1DB-41EF-8103-108BECFB6232}
	EndGlobalSection
EndGlobal
